
Microsoft Visual Studio Solution File, Format Version 12.00
# Visual Studio Version 16
VisualStudioVersion = 16.0.30330.147
MinimumVisualStudioVersion = 10.0.40219.1
Project("{FAE04EC0-301F-11D3-BF4B-00C04F79EFBC}") = "stocks", "stocks\stocks.csproj", "{59D213B5-EA67-462F-8FB4-1B60205CFEE6}"
EndProject
Global
	GlobalSection(SolutionConfigurationPlatforms) = preSolution
		Debug|Any CPU = Debug|Any CPU
		Release|Any CPU = Release|Any CPU
	EndGlobalSection
	GlobalSection(ProjectConfigurationPlatforms) = postSolution
		{59D213B5-EA67-462F-8FB4-1B60205CFEE6}.Debug|Any CPU.ActiveCfg = Debug|Any CPU
		{59D213B5-EA67-462F-8FB4-1B60205CFEE6}.Debug|Any CPU.Build.0 = Debug|Any CPU
		{59D213B5-EA67-462F-8FB4-1B60205CFEE6}.Release|Any CPU.ActiveCfg = Release|Any CPU
		{59D213B5-EA67-462F-8FB4-1B60205CFEE6}.Release|Any CPU.Build.0 = Release|Any CPU
	EndGlobalSection
	GlobalSection(SolutionProperties) = preSolution
		HideSolutionNode = FALSE
	EndGlobalSection
	GlobalSection(ExtensibilityGlobals) = postSolution
		SolutionGuid = {6625242B-CCD1-4B2F-BC81-5CF65CD9DEB4}
	EndGlobalSection
EndGlobal
